
Microsoft Visual Studio Solution File, Format Version 12.00
# Visual Studio 14
VisualStudioVersion = 14.0.25420.1
MinimumVisualStudioVersion = 10.0.40219.1
Project("{FAE04EC0-301F-11D3-BF4B-00C04F79EFBC}") = "TOTD.Utility", "TOTD.Utility\TOTD.Utility.csproj", "{2C03BE61-2B30-4517-81EF-0922CE70451D}"
EndProject
Project("{2150E333-8FDC-42A3-9474-1A3956D46DE8}") = "SolutionItems", "SolutionItems", "{B8291862-F1CC-4DD5-B31B-1A338B004179}"
	ProjectSection(SolutionItems) = preProject
		SharedAssemblyInfo.cs = SharedAssemblyInfo.cs
	EndProjectSection
EndProject
Project("{FAE04EC0-301F-11D3-BF4B-00C04F79EFBC}") = "TODT.Test", "TODT.Test\TODT.Test.csproj", "{8C18E0F0-86DE-4522-8C3B-DD0D7E212593}"
EndProject
Project("{FAE04EC0-301F-11D3-BF4B-00C04F79EFBC}") = "TOTD.Mvc", "TOTD.Mvc\TOTD.Mvc.csproj", "{922A3FA6-388C-4CFB-8851-D6D6875DDAC0}"
EndProject
Project("{FAE04EC0-301F-11D3-BF4B-00C04F79EFBC}") = "TOTD.EntityFramework", "TOTD.EntityFramework\TOTD.EntityFramework.csproj", "{56941DB6-FC49-40D7-B701-3DCBB752572F}"
EndProject
Global
	GlobalSection(SolutionConfigurationPlatforms) = preSolution
		Debug|Any CPU = Debug|Any CPU
		Release|Any CPU = Release|Any CPU
	EndGlobalSection
	GlobalSection(ProjectConfigurationPlatforms) = postSolution
		{2C03BE61-2B30-4517-81EF-0922CE70451D}.Debug|Any CPU.ActiveCfg = Debug|Any CPU
		{2C03BE61-2B30-4517-81EF-0922CE70451D}.Debug|Any CPU.Build.0 = Debug|Any CPU
		{2C03BE61-2B30-4517-81EF-0922CE70451D}.Release|Any CPU.ActiveCfg = Release|Any CPU
		{2C03BE61-2B30-4517-81EF-0922CE70451D}.Release|Any CPU.Build.0 = Release|Any CPU
		{8C18E0F0-86DE-4522-8C3B-DD0D7E212593}.Debug|Any CPU.ActiveCfg = Debug|Any CPU
		{8C18E0F0-86DE-4522-8C3B-DD0D7E212593}.Debug|Any CPU.Build.0 = Debug|Any CPU
		{8C18E0F0-86DE-4522-8C3B-DD0D7E212593}.Release|Any CPU.ActiveCfg = Release|Any CPU
		{8C18E0F0-86DE-4522-8C3B-DD0D7E212593}.Release|Any CPU.Build.0 = Release|Any CPU
		{922A3FA6-388C-4CFB-8851-D6D6875DDAC0}.Debug|Any CPU.ActiveCfg = Debug|Any CPU
		{922A3FA6-388C-4CFB-8851-D6D6875DDAC0}.Debug|Any CPU.Build.0 = Debug|Any CPU
		{922A3FA6-388C-4CFB-8851-D6D6875DDAC0}.Release|Any CPU.ActiveCfg = Release|Any CPU
		{922A3FA6-388C-4CFB-8851-D6D6875DDAC0}.Release|Any CPU.Build.0 = Release|Any CPU
		{56941DB6-FC49-40D7-B701-3DCBB752572F}.Debug|Any CPU.ActiveCfg = Debug|Any CPU
		{56941DB6-FC49-40D7-B701-3DCBB752572F}.Debug|Any CPU.Build.0 = Debug|Any CPU
		{56941DB6-FC49-40D7-B701-3DCBB752572F}.Release|Any CPU.ActiveCfg = Release|Any CPU
		{56941DB6-FC49-40D7-B701-3DCBB752572F}.Release|Any CPU.Build.0 = Release|Any CPU
	EndGlobalSection
	GlobalSection(SolutionProperties) = preSolution
		HideSolutionNode = FALSE
	EndGlobalSection
EndGlobal
